
Microsoft Visual Studio Solution File, Format Version 12.00
# Visual Studio Version 16
VisualStudioVersion = 16.0.29613.14
MinimumVisualStudioVersion = 10.0.40219.1
Project("{FAE04EC0-301F-11D3-BF4B-00C04F79EFBC}") = "TestAspNetCoreWebApp", "TestAspNetCoreWebApp\TestAspNetCoreWebApp.csproj", "{6843F866-A4BE-4728-AD23-688AEF786393}"
EndProject
Global
	GlobalSection(SolutionConfigurationPlatforms) = preSolution
		Debug|Any CPU = Debug|Any CPU
		Release|Any CPU = Release|Any CPU
	EndGlobalSection
	GlobalSection(ProjectConfigurationPlatforms) = postSolution
		{6843F866-A4BE-4728-AD23-688AEF786393}.Debug|Any CPU.ActiveCfg = Debug|Any CPU
		{6843F866-A4BE-4728-AD23-688AEF786393}.Debug|Any CPU.Build.0 = Debug|Any CPU
		{6843F866-A4BE-4728-AD23-688AEF786393}.Release|Any CPU.ActiveCfg = Release|Any CPU
		{6843F866-A4BE-4728-AD23-688AEF786393}.Release|Any CPU.Build.0 = Release|Any CPU
	EndGlobalSection
	GlobalSection(SolutionProperties) = preSolution
		HideSolutionNode = FALSE
	EndGlobalSection
	GlobalSection(ExtensibilityGlobals) = postSolution
		SolutionGuid = {DF519724-F07A-4F38-8AC4-AC427956D454}
	EndGlobalSection
EndGlobal
